
Microsoft Visual Studio Solution File, Format Version 12.00
# Visual Studio Version 16
VisualStudioVersion = 16.0.30225.117
MinimumVisualStudioVersion = 10.0.40219.1
Project("{8BC9CEB8-8B4A-11D0-8D11-00A0C91BC942}") = "ShowData", "samples\ShowData\ShowData.vcxproj", "{15A98234-9CFB-4469-8162-73D12356262D}"
EndProject
Project("{8BC9CEB8-8B4A-11D0-8D11-00A0C91BC942}") = "ShowPointCloud", "samples\ShowPointCloud\ShowPointCloud.vcxproj", "{4A0A6530-1A80-4D88-8058-476FF81FC0B6}"
EndProject
Project("{8BC9CEB8-8B4A-11D0-8D11-00A0C91BC942}") = "MultipleRealsense", "MultipleRealsense\MultipleRealsense.vcxproj", "{C2B0477D-5FBF-41CE-9F57-6E89F9A096CD}"
EndProject
Global
	GlobalSection(SolutionConfigurationPlatforms) = preSolution
		Debug|x64 = Debug|x64
		Debug|x86 = Debug|x86
		Release|x64 = Release|x64
		Release|x86 = Release|x86
	EndGlobalSection
	GlobalSection(ProjectConfigurationPlatforms) = postSolution
		{15A98234-9CFB-4469-8162-73D12356262D}.Debug|x64.ActiveCfg = Debug|x64
		{15A98234-9CFB-4469-8162-73D12356262D}.Debug|x64.Build.0 = Debug|x64
		{15A98234-9CFB-4469-8162-73D12356262D}.Debug|x86.ActiveCfg = Debug|Win32
		{15A98234-9CFB-4469-8162-73D12356262D}.Debug|x86.Build.0 = Debug|Win32
		{15A98234-9CFB-4469-8162-73D12356262D}.Release|x64.ActiveCfg = Release|x64
		{15A98234-9CFB-4469-8162-73D12356262D}.Release|x64.Build.0 = Release|x64
		{15A98234-9CFB-4469-8162-73D12356262D}.Release|x86.ActiveCfg = Release|Win32
		{15A98234-9CFB-4469-8162-73D12356262D}.Release|x86.Build.0 = Release|Win32
		{4A0A6530-1A80-4D88-8058-476FF81FC0B6}.Debug|x64.ActiveCfg = Debug|x64
		{4A0A6530-1A80-4D88-8058-476FF81FC0B6}.Debug|x64.Build.0 = Debug|x64
		{4A0A6530-1A80-4D88-8058-476FF81FC0B6}.Debug|x86.ActiveCfg = Debug|Win32
		{4A0A6530-1A80-4D88-8058-476FF81FC0B6}.Debug|x86.Build.0 = Debug|Win32
		{4A0A6530-1A80-4D88-8058-476FF81FC0B6}.Release|x64.ActiveCfg = Release|x64
		{4A0A6530-1A80-4D88-8058-476FF81FC0B6}.Release|x64.Build.0 = Release|x64
		{4A0A6530-1A80-4D88-8058-476FF81FC0B6}.Release|x86.ActiveCfg = Release|Win32
		{4A0A6530-1A80-4D88-8058-476FF81FC0B6}.Release|x86.Build.0 = Release|Win32
		{C2B0477D-5FBF-41CE-9F57-6E89F9A096CD}.Debug|x64.ActiveCfg = Debug|x64
		{C2B0477D-5FBF-41CE-9F57-6E89F9A096CD}.Debug|x64.Build.0 = Debug|x64
		{C2B0477D-5FBF-41CE-9F57-6E89F9A096CD}.Debug|x86.ActiveCfg = Debug|Win32
		{C2B0477D-5FBF-41CE-9F57-6E89F9A096CD}.Debug|x86.Build.0 = Debug|Win32
		{C2B0477D-5FBF-41CE-9F57-6E89F9A096CD}.Release|x64.ActiveCfg = Release|x64
		{C2B0477D-5FBF-41CE-9F57-6E89F9A096CD}.Release|x64.Build.0 = Release|x64
		{C2B0477D-5FBF-41CE-9F57-6E89F9A096CD}.Release|x86.ActiveCfg = Release|Win32
		{C2B0477D-5FBF-41CE-9F57-6E89F9A096CD}.Release|x86.Build.0 = Release|Win32
	EndGlobalSection
	GlobalSection(SolutionProperties) = preSolution
		HideSolutionNode = FALSE
	EndGlobalSection
	GlobalSection(ExtensibilityGlobals) = postSolution
		SolutionGuid = {6232EE81-0F62-4FF7-95C9-D9634BA9E4B9}
	EndGlobalSection
EndGlobal
